// !$*UTF8*$!
{
	archiveVersion = 1;
	classes = {
	};
	objectVersion = 56;
	objects = {

/* Begin PBXBuildFile section */
		FF5E85F22B8743AB008669C2 /* ShakerApp.swift in Sources */ = {isa = PBXBuildFile; fileRef = FF5E85F12B8743AB008669C2 /* ShakerApp.swift */; };
		FF5E85F42B8743AB008669C2 /* ContentView.swift in Sources */ = {isa = PBXBuildFile; fileRef = FF5E85F32B8743AB008669C2 /* ContentView.swift */; };
		FF5E85F62B8743AE008669C2 /* Assets.xcassets in Resources */ = {isa = PBXBuildFile; fileRef = FF5E85F52B8743AE008669C2 /* Assets.xcassets */; };
		FF5E85F92B8743AE008669C2 /* Preview Assets.xcassets in Resources */ = {isa = PBXBuildFile; fileRef = FF5E85F82B8743AE008669C2 /* Preview Assets.xcassets */; };
		FF5E86032B8743AF008669C2 /* ShakerTests.swift in Sources */ = {isa = PBXBuildFile; fileRef = FF5E86022B8743AF008669C2 /* ShakerTests.swift */; };
		FF5E860D2B8743AF008669C2 /* ShakerUITests.swift in Sources */ = {isa = PBXBuildFile; fileRef = FF5E860C2B8743AF008669C2 /* ShakerUITests.swift */; };
		FF5E860F2B8743AF008669C2 /* ShakerUITestsLaunchTests.swift in Sources */ = {isa = PBXBuildFile; fileRef = FF5E860E2B8743AF008669C2 /* ShakerUITestsLaunchTests.swift */; };
		FF5E861C2B8743D5008669C2 /* .gitignore in Resources */ = {isa = PBXBuildFile; fileRef = FF5E861B2B8743D5008669C2 /* .gitignore */; };
/* End PBXBuildFile section */

/* Begin PBXContainerItemProxy section */
		FF5E85FF2B8743AF008669C2 /* PBXContainerItemProxy */ = {
			isa = PBXContainerItemProxy;
			containerPortal = FF5E85E62B8743AB008669C2 /* Project object */;
			proxyType = 1;
			remoteGlobalIDString = FF5E85ED2B8743AB008669C2;
			remoteInfo = Shaker;
		};
		FF5E86092B8743AF008669C2 /* PBXContainerItemProxy */ = {
			isa = PBXContainerItemProxy;
			containerPortal = FF5E85E62B8743AB008669C2 /* Project object */;
			proxyType = 1;
			remoteGlobalIDString = FF5E85ED2B8743AB008669C2;
			remoteInfo = Shaker;
		};
/* End PBXContainerItemProxy section */

/* Begin PBXFileReference section */
		FF5E85EE2B8743AB008669C2 /* Shaker.app */ = {isa = PBXFileReference; explicitFileType = wrapper.application; includeInIndex = 0; path = Shaker.app; sourceTree = BUILT_PRODUCTS_DIR; };
		FF5E85F12B8743AB008669C2 /* ShakerApp.swift */ = {isa = PBXFileReference; lastKnownFileType = sourcecode.swift; path = ShakerApp.swift; sourceTree = "<group>"; };
		FF5E85F32B8743AB008669C2 /* ContentView.swift */ = {isa = PBXFileReference; lastKnownFileType = sourcecode.swift; path = ContentView.swift; sourceTree = "<group>"; };
		FF5E85F52B8743AE008669C2 /* Assets.xcassets */ = {isa = PBXFileReference; lastKnownFileType = folder.assetcatalog; path = Assets.xcassets; sourceTree = "<group>"; };
		FF5E85F82B8743AE008669C2 /* Preview Assets.xcassets */ = {isa = PBXFileReference; lastKnownFileType = folder.assetcatalog; path = "Preview Assets.xcassets"; sourceTree = "<group>"; };
		FF5E85FE2B8743AF008669C2 /* ShakerTests.xctest */ = {isa = PBXFileReference; explicitFileType = wrapper.cfbundle; includeInIndex = 0; path = ShakerTests.xctest; sourceTree = BUILT_PRODUCTS_DIR; };
		FF5E86022B8743AF008669C2 /* ShakerTests.swift */ = {isa = PBXFileReference; lastKnownFileType = sourcecode.swift; path = ShakerTests.swift; sourceTree = "<group>"; };
		FF5E86082B8743AF008669C2 /* ShakerUITests.xctest */ = {isa = PBXFileReference; explicitFileType = wrapper.cfbundle; includeInIndex = 0; path = ShakerUITests.xctest; sourceTree = BUILT_PRODUCTS_DIR; };
		FF5E860C2B8743AF008669C2 /* ShakerUITests.swift */ = {isa = PBXFileReference; lastKnownFileType = sourcecode.swift; path = ShakerUITests.swift; sourceTree = "<group>"; };
		FF5E860E2B8743AF008669C2 /* ShakerUITestsLaunchTests.swift */ = {isa = PBXFileReference; lastKnownFileType = sourcecode.swift; path = ShakerUITestsLaunchTests.swift; sourceTree = "<group>"; };
		FF5E861B2B8743D5008669C2 /* .gitignore */ = {isa = PBXFileReference; lastKnownFileType = text; path = .gitignore; sourceTree = "<group>"; };
/* End PBXFileReference section */

/* Begin PBXFrameworksBuildPhase section */
		FF5E85EB2B8743AB008669C2 /* Frameworks */ = {
			isa = PBXFrameworksBuildPhase;
			buildActionMask = 2147483647;
			files = (
			);
			runOnlyForDeploymentPostprocessing = 0;
		};
		FF5E85FB2B8743AF008669C2 /* Frameworks */ = {
			isa = PBXFrameworksBuildPhase;
			buildActionMask = 2147483647;
			files = (
			);
			runOnlyForDeploymentPostprocessing = 0;
		};
		FF5E86052B8743AF008669C2 /* Frameworks */ = {
			isa = PBXFrameworksBuildPhase;
			buildActionMask = 2147483647;
			files = (
			);
			runOnlyForDeploymentPostprocessing = 0;
		};
/* End PBXFrameworksBuildPhase section */

/* Begin PBXGroup section */
		FF5E85E52B8743AB008669C2 = {
			isa = PBXGroup;
			children = (
				FF5E861B2B8743D5008669C2 /* .gitignore */,
				FF5E85F02B8743AB008669C2 /* Shaker */,
				FF5E86012B8743AF008669C2 /* ShakerTests */,
				FF5E860B2B8743AF008669C2 /* ShakerUITests */,
				FF5E85EF2B8743AB008669C2 /* Products */,
			);
			sourceTree = "<group>";
		};
		FF5E85EF2B8743AB008669C2 /* Products */ = {
			isa = PBXGroup;
			children = (
				FF5E85EE2B8743AB008669C2 /* Shaker.app */,
				FF5E85FE2B8743AF008669C2 /* ShakerTests.xctest */,
				FF5E86082B8743AF008669C2 /* ShakerUITests.xctest */,
			);
			name = Products;
			sourceTree = "<group>";
		};
		FF5E85F02B8743AB008669C2 /* Shaker */ = {
			isa = PBXGroup;
			children = (
				FF5E85F12B8743AB008669C2 /* ShakerApp.swift */,
				FF5E85F32B8743AB008669C2 /* ContentView.swift */,
				FF5E85F52B8743AE008669C2 /* Assets.xcassets */,
				FF5E85F72B8743AE008669C2 /* Preview Content */,
			);
			path = Shaker;
			sourceTree = "<group>";
		};
		FF5E85F72B8743AE008669C2 /* Preview Content */ = {
			isa = PBXGroup;
			children = (
				FF5E85F82B8743AE008669C2 /* Preview Assets.xcassets */,
			);
			path = "Preview Content";
			sourceTree = "<group>";
		};
		FF5E86012B8743AF008669C2 /* ShakerTests */ = {
			isa = PBXGroup;
			children = (
				FF5E86022B8743AF008669C2 /* ShakerTests.swift */,
			);
			path = ShakerTests;
			sourceTree = "<group>";
		};
		FF5E860B2B8743AF008669C2 /* ShakerUITests */ = {
			isa = PBXGroup;
			children = (
				FF5E860C2B8743AF008669C2 /* ShakerUITests.swift */,
				FF5E860E2B8743AF008669C2 /* ShakerUITestsLaunchTests.swift */,
			);
			path = ShakerUITests;
			sourceTree = "<group>";
		};
/* End PBXGroup section */

/* Begin PBXNativeTarget section */
		FF5E85ED2B8743AB008669C2 /* Shaker */ = {
			isa = PBXNativeTarget;
			buildConfigurationList = FF5E86122B8743AF008669C2 /* Build configuration list for PBXNativeTarget "Shaker" */;
			buildPhases = (
				FF5E85EA2B8743AB008669C2 /* Sources */,
				FF5E85EB2B8743AB008669C2 /* Frameworks */,
				FF5E85EC2B8743AB008669C2 /* Resources */,
			);
			buildRules = (
			);
			dependencies = (
			);
			name = Shaker;
			productName = Shaker;
			productReference = FF5E85EE2B8743AB008669C2 /* Shaker.app */;
			productType = "com.apple.product-type.application";
		};
		FF5E85FD2B8743AF008669C2 /* ShakerTests */ = {
			isa = PBXNativeTarget;
			buildConfigurationList = FF5E86152B8743AF008669C2 /* Build configuration list for PBXNativeTarget "ShakerTests" */;
			buildPhases = (
				FF5E85FA2B8743AF008669C2 /* Sources */,
				FF5E85FB2B8743AF008669C2 /* Frameworks */,
				FF5E85FC2B8743AF008669C2 /* Resources */,
			);
			buildRules = (
			);
			dependencies = (
				FF5E86002B8743AF008669C2 /* PBXTargetDependency */,
			);
			name = ShakerTests;
			productName = ShakerTests;
			productReference = FF5E85FE2B8743AF008669C2 /* ShakerTests.xctest */;
			productType = "com.apple.product-type.bundle.unit-test";
		};
		FF5E86072B8743AF008669C2 /* ShakerUITests */ = {
			isa = PBXNativeTarget;
			buildConfigurationList = FF5E86182B8743AF008669C2 /* Build configuration list for PBXNativeTarget "ShakerUITests" */;
			buildPhases = (
				FF5E86042B8743AF008669C2 /* Sources */,
				FF5E86052B8743AF008669C2 /* Frameworks */,
				FF5E86062B8743AF008669C2 /* Resources */,
			);
			buildRules = (
			);
			dependencies = (
				FF5E860A2B8743AF008669C2 /* PBXTargetDependency */,
			);
			name = ShakerUITests;
			productName = ShakerUITests;
			productReference = FF5E86082B8743AF008669C2 /* ShakerUITests.xctest */;
			productType = "com.apple.product-type.bundle.ui-testing";
		};
/* End PBXNativeTarget section */

/* Begin PBXProject section */
		FF5E85E62B8743AB008669C2 /* Project object */ = {
			isa = PBXProject;
			attributes = {
				BuildIndependentTargetsInParallel = 1;
				LastSwiftUpdateCheck = 1520;
				LastUpgradeCheck = 1520;
				TargetAttributes = {
					FF5E85ED2B8743AB008669C2 = {
						CreatedOnToolsVersion = 15.2;
					};
					FF5E85FD2B8743AF008669C2 = {
						CreatedOnToolsVersion = 15.2;
						TestTargetID = FF5E85ED2B8743AB008669C2;
					};
					FF5E86072B8743AF008669C2 = {
						CreatedOnToolsVersion = 15.2;
						TestTargetID = FF5E85ED2B8743AB008669C2;
					};
				};
			};
			buildConfigurationList = FF5E85E92B8743AB008669C2 /* Build configuration list for PBXProject "Shaker" */;
			compatibilityVersion = "Xcode 14.0";
			developmentRegion = en;
			hasScannedForEncodings = 0;
			knownRegions = (
				en,
				Base,
			);
			mainGroup = FF5E85E52B8743AB008669C2;
			productRefGroup = FF5E85EF2B8743AB008669C2 /* Products */;
			projectDirPath = "";
			projectRoot = "";
			targets = (
				FF5E85ED2B8743AB008669C2 /* Shaker */,
				FF5E85FD2B8743AF008669C2 /* ShakerTests */,
				FF5E86072B8743AF008669C2 /* ShakerUITests */,
			);
		};
/* End PBXProject section */

/* Begin PBXResourcesBuildPhase section */
		FF5E85EC2B8743AB008669C2 /* Resources */ = {
			isa = PBXResourcesBuildPhase;
			buildActionMask = 2147483647;
			files = (
				FF5E85F92B8743AE008669C2 /* Preview Assets.xcassets in Resources */,
				FF5E861C2B8743D5008669C2 /* .gitignore in Resources */,
				FF5E85F62B8743AE008669C2 /* Assets.xcassets in Resources */,
			);
			runOnlyForDeploymentPostprocessing = 0;
		};
		FF5E85FC2B8743AF008669C2 /* Resources */ = {
			isa = PBXResourcesBuildPhase;
			buildActionMask = 2147483647;
			files = (
			);
			runOnlyForDeploymentPostprocessing = 0;
		};
		FF5E86062B8743AF008669C2 /* Resources */ = {
			isa = PBXResourcesBuildPhase;
			buildActionMask = 2147483647;
			files = (
			);
			runOnlyForDeploymentPostprocessing = 0;
		};
/* End PBXResourcesBuildPhase section */

/* Begin PBXSourcesBuildPhase section */
		FF5E85EA2B8743AB008669C2 /* Sources */ = {
			isa = PBXSourcesBuildPhase;
			buildActionMask = 2147483647;
			files = (
				FF5E85F42B8743AB008669C2 /* ContentView.swift in Sources */,
				FF5E85F22B8743AB008669C2 /* ShakerApp.swift in Sources */,
			);
			runOnlyForDeploymentPostprocessing = 0;
		};
		FF5E85FA2B8743AF008669C2 /* Sources */ = {
			isa = PBXSourcesBuildPhase;
			buildActionMask = 2147483647;
			files = (
				FF5E86032B8743AF008669C2 /* ShakerTests.swift in Sources */,
			);
			runOnlyForDeploymentPostprocessing = 0;
		};
		FF5E86042B8743AF008669C2 /* Sources */ = {
			isa = PBXSourcesBuildPhase;
			buildActionMask = 2147483647;
			files = (
				FF5E860F2B8743AF008669C2 /* ShakerUITestsLaunchTests.swift in Sources */,
				FF5E860D2B8743AF008669C2 /* ShakerUITests.swift in Sources */,
			);
			runOnlyForDeploymentPostprocessing = 0;
		};
/* End PBXSourcesBuildPhase section */

/* Begin PBXTargetDependency section */
		FF5E86002B8743AF008669C2 /* PBXTargetDependency */ = {
			isa = PBXTargetDependency;
			target = FF5E85ED2B8743AB008669C2 /* Shaker */;
			targetProxy = FF5E85FF2B8743AF008669C2 /* PBXContainerItemProxy */;
		};
		FF5E860A2B8743AF008669C2 /* PBXTargetDependency */ = {
			isa = PBXTargetDependency;
			target = FF5E85ED2B8743AB008669C2 /* Shaker */;
			targetProxy = FF5E86092B8743AF008669C2 /* PBXContainerItemProxy */;
		};
/* End PBXTargetDependency section */

/* Begin XCBuildConfiguration section */
		FF5E86102B8743AF008669C2 /* Debug */ = {
			isa = XCBuildConfiguration;
			buildSettings = {
				ALWAYS_SEARCH_USER_PATHS = NO;
				ASSETCATALOG_COMPILER_GENERATE_SWIFT_ASSET_SYMBOL_EXTENSIONS = YES;
				CLANG_ANALYZER_NONNULL = YES;
				CLANG_ANALYZER_NUMBER_OBJECT_CONVERSION = YES_AGGRESSIVE;
				CLANG_CXX_LANGUAGE_STANDARD = "gnu++20";
				CLANG_ENABLE_MODULES = YES;
				CLANG_ENABLE_OBJC_ARC = YES;
				CLANG_ENABLE_OBJC_WEAK = YES;
				CLANG_WARN_BLOCK_CAPTURE_AUTORELEASING = YES;
				CLANG_WARN_BOOL_CONVERSION = YES;
				CLANG_WARN_COMMA = YES;
				CLANG_WARN_CONSTANT_CONVERSION = YES;
				CLANG_WARN_DEPRECATED_OBJC_IMPLEMENTATIONS = YES;
				CLANG_WARN_DIRECT_OBJC_ISA_USAGE = YES_ERROR;
				CLANG_WARN_DOCUMENTATION_COMMENTS = YES;
				CLANG_WARN_EMPTY_BODY = YES;
				CLANG_WARN_ENUM_CONVERSION = YES;
				CLANG_WARN_INFINITE_RECURSION = YES;
				CLANG_WARN_INT_CONVERSION = YES;
				CLANG_WARN_NON_LITERAL_NULL_CONVERSION = YES;
				CLANG_WARN_OBJC_IMPLICIT_RETAIN_SELF = YES;
				CLANG_WARN_OBJC_LITERAL_CONVERSION = YES;
				CLANG_WARN_OBJC_ROOT_CLASS = YES_ERROR;
				CLANG_WARN_QUOTED_INCLUDE_IN_FRAMEWORK_HEADER = YES;
				CLANG_WARN_RANGE_LOOP_ANALYSIS = YES;
				CLANG_WARN_STRICT_PROTOTYPES = YES;
				CLANG_WARN_SUSPICIOUS_MOVE = YES;
				CLANG_WARN_UNGUARDED_AVAILABILITY = YES_AGGRESSIVE;
				CLANG_WARN_UNREACHABLE_CODE = YES;
				CLANG_WARN__DUPLICATE_METHOD_MATCH = YES;
				COPY_PHASE_STRIP = NO;
				DEBUG_INFORMATION_FORMAT = dwarf;
				ENABLE_STRICT_OBJC_MSGSEND = YES;
				ENABLE_TESTABILITY = YES;
				ENABLE_USER_SCRIPT_SANDBOXING = YES;
				GCC_C_LANGUAGE_STANDARD = gnu17;
				GCC_DYNAMIC_NO_PIC = NO;
				GCC_NO_COMMON_BLOCKS = YES;
				GCC_OPTIMIZATION_LEVEL = 0;
				GCC_PREPROCESSOR_DEFINITIONS = (
					"DEBUG=1",
					"$(inherited)",
				);
				GCC_WARN_64_TO_32_BIT_CONVERSION = YES;
				GCC_WARN_ABOUT_RETURN_TYPE = YES_ERROR;
				GCC_WARN_UNDECLARED_SELECTOR = YES;
				GCC_WARN_UNINITIALIZED_AUTOS = YES_AGGRESSIVE;
				GCC_WARN_UNUSED_FUNCTION = YES;
				GCC_WARN_UNUSED_VARIABLE = YES;
				IPHONEOS_DEPLOYMENT_TARGET = 17.2;
				LOCALIZATION_PREFERS_STRING_CATALOGS = YES;
				MTL_ENABLE_DEBUG_INFO = INCLUDE_SOURCE;
				MTL_FAST_MATH = YES;
				ONLY_ACTIVE_ARCH = YES;
				SDKROOT = iphoneos;
				SWIFT_ACTIVE_COMPILATION_CONDITIONS = "DEBUG $(inherited)";
				SWIFT_OPTIMIZATION_LEVEL = "-Onone";
			};
			name = Debug;
		};
		FF5E86112B8743AF008669C2 /* Release */ = {
			isa = XCBuildConfiguration;
			buildSettings = {
				ALWAYS_SEARCH_USER_PATHS = NO;
				ASSETCATALOG_COMPILER_GENERATE_SWIFT_ASSET_SYMBOL_EXTENSIONS = YES;
				CLANG_ANALYZER_NONNULL = YES;
				CLANG_ANALYZER_NUMBER_OBJECT_CONVERSION = YES_AGGRESSIVE;
				CLANG_CXX_LANGUAGE_STANDARD = "gnu++20";
				CLANG_ENABLE_MODULES = YES;
				CLANG_ENABLE_OBJC_ARC = YES;
				CLANG_ENABLE_OBJC_WEAK = YES;
				CLANG_WARN_BLOCK_CAPTURE_AUTORELEASING = YES;
				CLANG_WARN_BOOL_CONVERSION = YES;
				CLANG_WARN_COMMA = YES;
				CLANG_WARN_CONSTANT_CONVERSION = YES;
				CLANG_WARN_DEPRECATED_OBJC_IMPLEMENTATIONS = YES;
				CLANG_WARN_DIRECT_OBJC_ISA_USAGE = YES_ERROR;
				CLANG_WARN_DOCUMENTATION_COMMENTS = YES;
				CLANG_WARN_EMPTY_BODY = YES;
				CLANG_WARN_ENUM_CONVERSION = YES;
				CLANG_WARN_INFINITE_RECURSION = YES;
				CLANG_WARN_INT_CONVERSION = YES;
				CLANG_WARN_NON_LITERAL_NULL_CONVERSION = YES;
				CLANG_WARN_OBJC_IMPLICIT_RETAIN_SELF = YES;
				CLANG_WARN_OBJC_LITERAL_CONVERSION = YES;
				CLANG_WARN_OBJC_ROOT_CLASS = YES_ERROR;
				CLANG_WARN_QUOTED_INCLUDE_IN_FRAMEWORK_HEADER = YES;
				CLANG_WARN_RANGE_LOOP_ANALYSIS = YES;
				CLANG_WARN_STRICT_PROTOTYPES = YES;
				CLANG_WARN_SUSPICIOUS_MOVE = YES;
				CLANG_WARN_UNGUARDED_AVAILABILITY = YES_AGGRESSIVE;
				CLANG_WARN_UNREACHABLE_CODE = YES;
				CLANG_WARN__DUPLICATE_METHOD_MATCH = YES;
				COPY_PHASE_STRIP = NO;
				DEBUG_INFORMATION_FORMAT = "dwarf-with-dsym";
				ENABLE_NS_ASSERTIONS = NO;
				ENABLE_STRICT_OBJC_MSGSEND = YES;
				ENABLE_USER_SCRIPT_SANDBOXING = YES;
				GCC_C_LANGUAGE_STANDARD = gnu17;
				GCC_NO_COMMON_BLOCKS = YES;
				GCC_WARN_64_TO_32_BIT_CONVERSION = YES;
				GCC_WARN_ABOUT_RETURN_TYPE = YES_ERROR;
				GCC_WARN_UNDECLARED_SELECTOR = YES;
				GCC_WARN_UNINITIALIZED_AUTOS = YES_AGGRESSIVE;
				GCC_WARN_UNUSED_FUNCTION = YES;
				GCC_WARN_UNUSED_VARIABLE = YES;
				IPHONEOS_DEPLOYMENT_TARGET = 17.2;
				LOCALIZATION_PREFERS_STRING_CATALOGS = YES;
				MTL_ENABLE_DEBUG_INFO = NO;
				MTL_FAST_MATH = YES;
				SDKROOT = iphoneos;
				SWIFT_COMPILATION_MODE = wholemodule;
				VALIDATE_PRODUCT = YES;
			};
			name = Release;
		};
		FF5E86132B8743AF008669C2 /* Debug */ = {
			isa = XCBuildConfiguration;
			buildSettings = {
				ASSETCATALOG_COMPILER_APPICON_NAME = AppIcon;
				ASSETCATALOG_COMPILER_GLOBAL_ACCENT_COLOR_NAME = AccentColor;
				CODE_SIGN_STYLE = Automatic;
				CURRENT_PROJECT_VERSION = 1;
				DEVELOPMENT_ASSET_PATHS = "\"Shaker/Preview Content\"";
				DEVELOPMENT_TEAM = 37BC8RS2XN;
				ENABLE_PREVIEWS = YES;
				GENERATE_INFOPLIST_FILE = YES;
				INFOPLIST_KEY_UIApplicationSceneManifest_Generation = YES;
				INFOPLIST_KEY_UIApplicationSupportsIndirectInputEvents = YES;
				INFOPLIST_KEY_UILaunchScreen_Generation = YES;
				INFOPLIST_KEY_UISupportedInterfaceOrientations_iPad = "UIInterfaceOrientationPortrait UIInterfaceOrientationPortraitUpsideDown UIInterfaceOrientationLandscapeLeft UIInterfaceOrientationLandscapeRight";
				INFOPLIST_KEY_UISupportedInterfaceOrientations_iPhone = "UIInterfaceOrientationPortrait UIInterfaceOrientationLandscapeLeft UIInterfaceOrientationLandscapeRight";
				LD_RUNPATH_SEARCH_PATHS = (
					"$(inherited)",
					"@executable_path/Frameworks",
				);
				MARKETING_VERSION = 1.0;
				PRODUCT_BUNDLE_IDENTIFIER = algoria.Shaker;
				PRODUCT_NAME = "$(TARGET_NAME)";
				SWIFT_EMIT_LOC_STRINGS = YES;
				SWIFT_VERSION = 5.0;
				TARGETED_DEVICE_FAMILY = "1,2";
			};
			name = Debug;
		};
		FF5E86142B8743AF008669C2 /* Release */ = {
			isa = XCBuildConfiguration;
			buildSettings = {
				ASSETCATALOG_COMPILER_APPICON_NAME = AppIcon;
				ASSETCATALOG_COMPILER_GLOBAL_ACCENT_COLOR_NAME = AccentColor;
				CODE_SIGN_STYLE = Automatic;
				CURRENT_PROJECT_VERSION = 1;
				DEVELOPMENT_ASSET_PATHS = "\"Shaker/Preview Content\"";
				DEVELOPMENT_TEAM = 37BC8RS2XN;
				ENABLE_PREVIEWS = YES;
				GENERATE_INFOPLIST_FILE = YES;
				INFOPLIST_KEY_UIApplicationSceneManifest_Generation = YES;
				INFOPLIST_KEY_UIApplicationSupportsIndirectInputEvents = YES;
				INFOPLIST_KEY_UILaunchScreen_Generation = YES;
				INFOPLIST_KEY_UISupportedInterfaceOrientations_iPad = "UIInterfaceOrientationPortrait UIInterfaceOrientationPortraitUpsideDown UIInterfaceOrientationLandscapeLeft UIInterfaceOrientationLandscapeRight";
				INFOPLIST_KEY_UISupportedInterfaceOrientations_iPhone = "UIInterfaceOrientationPortrait UIInterfaceOrientationLandscapeLeft UIInterfaceOrientationLandscapeRight";
				LD_RUNPATH_SEARCH_PATHS = (
					"$(inherited)",
					"@executable_path/Frameworks",
				);
				MARKETING_VERSION = 1.0;
				PRODUCT_BUNDLE_IDENTIFIER = algoria.Shaker;
				PRODUCT_NAME = "$(TARGET_NAME)";
				SWIFT_EMIT_LOC_STRINGS = YES;
				SWIFT_VERSION = 5.0;
				TARGETED_DEVICE_FAMILY = "1,2";
			};
			name = Release;
		};
		FF5E86162B8743AF008669C2 /* Debug */ = {
			isa = XCBuildConfiguration;
			buildSettings = {
				ALWAYS_EMBED_SWIFT_STANDARD_LIBRARIES = YES;
				BUNDLE_LOADER = "$(TEST_HOST)";
				CODE_SIGN_STYLE = Automatic;
				CURRENT_PROJECT_VERSION = 1;
				DEVELOPMENT_TEAM = 37BC8RS2XN;
				GENERATE_INFOPLIST_FILE = YES;
				IPHONEOS_DEPLOYMENT_TARGET = 17.2;
				MARKETING_VERSION = 1.0;
				PRODUCT_BUNDLE_IDENTIFIER = algoria.ShakerTests;
				PRODUCT_NAME = "$(TARGET_NAME)";
				SWIFT_EMIT_LOC_STRINGS = NO;
				SWIFT_VERSION = 5.0;
				TARGETED_DEVICE_FAMILY = "1,2";
				TEST_HOST = "$(BUILT_PRODUCTS_DIR)/Shaker.app/$(BUNDLE_EXECUTABLE_FOLDER_PATH)/Shaker";
			};
			name = Debug;
		};
		FF5E86172B8743AF008669C2 /* Release */ = {
			isa = XCBuildConfiguration;
			buildSettings = {
				ALWAYS_EMBED_SWIFT_STANDARD_LIBRARIES = YES;
				BUNDLE_LOADER = "$(TEST_HOST)";
				CODE_SIGN_STYLE = Automatic;
				CURRENT_PROJECT_VERSION = 1;
				DEVELOPMENT_TEAM = 37BC8RS2XN;
				GENERATE_INFOPLIST_FILE = YES;
				IPHONEOS_DEPLOYMENT_TARGET = 17.2;
				MARKETING_VERSION = 1.0;
				PRODUCT_BUNDLE_IDENTIFIER = algoria.ShakerTests;
				PRODUCT_NAME = "$(TARGET_NAME)";
				SWIFT_EMIT_LOC_STRINGS = NO;
				SWIFT_VERSION = 5.0;
				TARGETED_DEVICE_FAMILY = "1,2";
				TEST_HOST = "$(BUILT_PRODUCTS_DIR)/Shaker.app/$(BUNDLE_EXECUTABLE_FOLDER_PATH)/Shaker";
			};
			name = Release;
		};
		FF5E86192B8743AF008669C2 /* Debug */ = {
			isa = XCBuildConfiguration;
			buildSettings = {
				ALWAYS_EMBED_SWIFT_STANDARD_LIBRARIES = YES;
				CODE_SIGN_STYLE = Automatic;
				CURRENT_PROJECT_VERSION = 1;
				DEVELOPMENT_TEAM = 37BC8RS2XN;
				GENERATE_INFOPLIST_FILE = YES;
				MARKETING_VERSION = 1.0;
				PRODUCT_BUNDLE_IDENTIFIER = algoria.ShakerUITests;
				PRODUCT_NAME = "$(TARGET_NAME)";
				SWIFT_EMIT_LOC_STRINGS = NO;
				SWIFT_VERSION = 5.0;
				TARGETED_DEVICE_FAMILY = "1,2";
				TEST_TARGET_NAME = Shaker;
			};
			name = Debug;
		};
		FF5E861A2B8743AF008669C2 /* Release */ = {
			isa = XCBuildConfiguration;
			buildSettings = {
				ALWAYS_EMBED_SWIFT_STANDARD_LIBRARIES = YES;
				CODE_SIGN_STYLE = Automatic;
				CURRENT_PROJECT_VERSION = 1;
				DEVELOPMENT_TEAM = 37BC8RS2XN;
				GENERATE_INFOPLIST_FILE = YES;
				MARKETING_VERSION = 1.0;
				PRODUCT_BUNDLE_IDENTIFIER = algoria.ShakerUITests;
				PRODUCT_NAME = "$(TARGET_NAME)";
				SWIFT_EMIT_LOC_STRINGS = NO;
				SWIFT_VERSION = 5.0;
				TARGETED_DEVICE_FAMILY = "1,2";
				TEST_TARGET_NAME = Shaker;
			};
			name = Release;
		};
/* End XCBuildConfiguration section */

/* Begin XCConfigurationList section */
		FF5E85E92B8743AB008669C2 /* Build configuration list for PBXProject "Shaker" */ = {
			isa = XCConfigurationList;
			buildConfigurations = (
				FF5E86102B8743AF008669C2 /* Debug */,
				FF5E86112B8743AF008669C2 /* Release */,
			);
			defaultConfigurationIsVisible = 0;
			defaultConfigurationName = Release;
		};
		FF5E86122B8743AF008669C2 /* Build configuration list for PBXNativeTarget "Shaker" */ = {
			isa = XCConfigurationList;
			buildConfigurations = (
				FF5E86132B8743AF008669C2 /* Debug */,
				FF5E86142B8743AF008669C2 /* Release */,
			);
			defaultConfigurationIsVisible = 0;
			defaultConfigurationName = Release;
		};
		FF5E86152B8743AF008669C2 /* Build configuration list for PBXNativeTarget "ShakerTests" */ = {
			isa = XCConfigurationList;
			buildConfigurations = (
				FF5E86162B8743AF008669C2 /* Debug */,
				FF5E86172B8743AF008669C2 /* Release */,
			);
			defaultConfigurationIsVisible = 0;
			defaultConfigurationName = Release;
		};
		FF5E86182B8743AF008669C2 /* Build configuration list for PBXNativeTarget "ShakerUITests" */ = {
			isa = XCConfigurationList;
			buildConfigurations = (
				FF5E86192B8743AF008669C2 /* Debug */,
				FF5E861A2B8743AF008669C2 /* Release */,
			);
			defaultConfigurationIsVisible = 0;
			defaultConfigurationName = Release;
		};
/* End XCConfigurationList section */
	};
	rootObject = FF5E85E62B8743AB008669C2 /* Project object */;
}
